
Microsoft Visual Studio Solution File, Format Version 12.00
# Visual Studio Version 16
VisualStudioVersion = 16.0.31624.102
MinimumVisualStudioVersion = 10.0.40219.1
Project("{9A19103F-16F7-4668-BE54-9A1E7A4F7556}") = "Read.XLSX.WEBAPI", "src\Software\Read.XLSX\Read.XLSX.WEBAPI.csproj", "{A7AA73EA-C63F-40C9-AE49-AD259B67E07A}"
EndProject
Project("{2150E333-8FDC-42A3-9474-1A3956D46DE8}") = "src", "src", "{E0BBCAC3-C112-4D8F-A029-3275BF0260F3}"
EndProject
Project("{2150E333-8FDC-42A3-9474-1A3956D46DE8}") = "Software", "Software", "{93CAD184-7712-4B18-9540-831805DBC046}"
EndProject
Project("{2150E333-8FDC-42A3-9474-1A3956D46DE8}") = "SoftwareContext", "SoftwareContext", "{18641DDD-F401-4235-8DC2-C1BEE7EB800B}"
EndProject
Project("{9A19103F-16F7-4668-BE54-9A1E7A4F7556}") = "Read.XLSX.Application", "src\SoftwareContext\Read.XLSX.Application\Read.XLSX.Application.csproj", "{6B654581-AD36-4CE6-972A-92DA2093B5E3}"
EndProject
Project("{9A19103F-16F7-4668-BE54-9A1E7A4F7556}") = "Read.XLSX.Domain", "src\SoftwareContext\Read.XLSX.Domain\Read.XLSX.Domain.csproj", "{A56C2A65-C2F2-4135-825F-F16261EC65E7}"
EndProject
Project("{9A19103F-16F7-4668-BE54-9A1E7A4F7556}") = "Read.XLSX.Infra", "src\SoftwareContext\Read.XLSX.Infra\Read.XLSX.Infra.csproj", "{475D104A-10C7-4BA5-8A0F-0013EE7BB8F4}"
EndProject
Project("{9A19103F-16F7-4668-BE54-9A1E7A4F7556}") = "Read.XLSX.Interop", "src\SoftwareContext\ReadXLSX.Interop\ReadXlsx.Interop\Read.XLSX.Interop.csproj", "{45127EA3-DE5A-4C2B-BA69-42EC98D9C0E6}"
EndProject
Global
	GlobalSection(SolutionConfigurationPlatforms) = preSolution
		Debug|Any CPU = Debug|Any CPU
		Release|Any CPU = Release|Any CPU
	EndGlobalSection
	GlobalSection(ProjectConfigurationPlatforms) = postSolution
		{A7AA73EA-C63F-40C9-AE49-AD259B67E07A}.Debug|Any CPU.ActiveCfg = Debug|Any CPU
		{A7AA73EA-C63F-40C9-AE49-AD259B67E07A}.Debug|Any CPU.Build.0 = Debug|Any CPU
		{A7AA73EA-C63F-40C9-AE49-AD259B67E07A}.Release|Any CPU.ActiveCfg = Release|Any CPU
		{A7AA73EA-C63F-40C9-AE49-AD259B67E07A}.Release|Any CPU.Build.0 = Release|Any CPU
		{6B654581-AD36-4CE6-972A-92DA2093B5E3}.Debug|Any CPU.ActiveCfg = Debug|Any CPU
		{6B654581-AD36-4CE6-972A-92DA2093B5E3}.Debug|Any CPU.Build.0 = Debug|Any CPU
		{6B654581-AD36-4CE6-972A-92DA2093B5E3}.Release|Any CPU.ActiveCfg = Release|Any CPU
		{6B654581-AD36-4CE6-972A-92DA2093B5E3}.Release|Any CPU.Build.0 = Release|Any CPU
		{A56C2A65-C2F2-4135-825F-F16261EC65E7}.Debug|Any CPU.ActiveCfg = Debug|Any CPU
		{A56C2A65-C2F2-4135-825F-F16261EC65E7}.Debug|Any CPU.Build.0 = Debug|Any CPU
		{A56C2A65-C2F2-4135-825F-F16261EC65E7}.Release|Any CPU.ActiveCfg = Release|Any CPU
		{A56C2A65-C2F2-4135-825F-F16261EC65E7}.Release|Any CPU.Build.0 = Release|Any CPU
		{475D104A-10C7-4BA5-8A0F-0013EE7BB8F4}.Debug|Any CPU.ActiveCfg = Debug|Any CPU
		{475D104A-10C7-4BA5-8A0F-0013EE7BB8F4}.Debug|Any CPU.Build.0 = Debug|Any CPU
		{475D104A-10C7-4BA5-8A0F-0013EE7BB8F4}.Release|Any CPU.ActiveCfg = Release|Any CPU
		{475D104A-10C7-4BA5-8A0F-0013EE7BB8F4}.Release|Any CPU.Build.0 = Release|Any CPU
		{45127EA3-DE5A-4C2B-BA69-42EC98D9C0E6}.Debug|Any CPU.ActiveCfg = Debug|Any CPU
		{45127EA3-DE5A-4C2B-BA69-42EC98D9C0E6}.Debug|Any CPU.Build.0 = Debug|Any CPU
		{45127EA3-DE5A-4C2B-BA69-42EC98D9C0E6}.Release|Any CPU.ActiveCfg = Release|Any CPU
		{45127EA3-DE5A-4C2B-BA69-42EC98D9C0E6}.Release|Any CPU.Build.0 = Release|Any CPU
	EndGlobalSection
	GlobalSection(SolutionProperties) = preSolution
		HideSolutionNode = FALSE
	EndGlobalSection
	GlobalSection(NestedProjects) = preSolution
		{A7AA73EA-C63F-40C9-AE49-AD259B67E07A} = {93CAD184-7712-4B18-9540-831805DBC046}
		{93CAD184-7712-4B18-9540-831805DBC046} = {E0BBCAC3-C112-4D8F-A029-3275BF0260F3}
		{18641DDD-F401-4235-8DC2-C1BEE7EB800B} = {E0BBCAC3-C112-4D8F-A029-3275BF0260F3}
		{6B654581-AD36-4CE6-972A-92DA2093B5E3} = {18641DDD-F401-4235-8DC2-C1BEE7EB800B}
		{A56C2A65-C2F2-4135-825F-F16261EC65E7} = {18641DDD-F401-4235-8DC2-C1BEE7EB800B}
		{475D104A-10C7-4BA5-8A0F-0013EE7BB8F4} = {18641DDD-F401-4235-8DC2-C1BEE7EB800B}
		{45127EA3-DE5A-4C2B-BA69-42EC98D9C0E6} = {18641DDD-F401-4235-8DC2-C1BEE7EB800B}
	EndGlobalSection
	GlobalSection(ExtensibilityGlobals) = postSolution
		SolutionGuid = {54D62E94-2954-482D-AA79-F9A9D7F6F775}
	EndGlobalSection
EndGlobal
